// !$*UTF8*$!
{
	archiveVersion = 1;
	classes = {
	};
	objectVersion = 46;
	objects = {

/* Begin PBXBuildFile section */
		A042CDA11BD3B1E3009C5456 /* AppDelegate.swift in Sources */ = {isa = PBXBuildFile; fileRef = A042CDA01BD3B1E3009C5456 /* AppDelegate.swift */; };
		A042CDA31BD3B1E3009C5456 /* ViewController.swift in Sources */ = {isa = PBXBuildFile; fileRef = A042CDA21BD3B1E3009C5456 /* ViewController.swift */; };
		A042CDA61BD3B1E3009C5456 /* Main.storyboard in Resources */ = {isa = PBXBuildFile; fileRef = A042CDA41BD3B1E3009C5456 /* Main.storyboard */; };
		A042CDA81BD3B1E3009C5456 /* Assets.xcassets in Resources */ = {isa = PBXBuildFile; fileRef = A042CDA71BD3B1E3009C5456 /* Assets.xcassets */; };
		A042CDAB1BD3B1E3009C5456 /* LaunchScreen.storyboard in Resources */ = {isa = PBXBuildFile; fileRef = A042CDA91BD3B1E3009C5456 /* LaunchScreen.storyboard */; };
		F5B873B7CADB65963C9C03B3 /* Pods.framework in Frameworks */ = {isa = PBXBuildFile; fileRef = 9C8152B12F163CE900E8B023 /* Pods.framework */; };
/* End PBXBuildFile section */

/* Begin PBXFileReference section */
		540A2226106342AC47E1D946 /* Pods.debug.xcconfig */ = {isa = PBXFileReference; includeInIndex = 1; lastKnownFileType = text.xcconfig; name = Pods.debug.xcconfig; path = "Pods/Target Support Files/Pods/Pods.debug.xcconfig"; sourceTree = "<group>"; };
		853E383813A690CBCC9EB3B3 /* Pods.release.xcconfig */ = {isa = PBXFileReference; includeInIndex = 1; lastKnownFileType = text.xcconfig; name = Pods.release.xcconfig; path = "Pods/Target Support Files/Pods/Pods.release.xcconfig"; sourceTree = "<group>"; };
		9C8152B12F163CE900E8B023 /* Pods.framework */ = {isa = PBXFileReference; explicitFileType = wrapper.framework; includeInIndex = 0; path = Pods.framework; sourceTree = BUILT_PRODUCTS_DIR; };
		A042CD9D1BD3B1E3009C5456 /* Coal.app */ = {isa = PBXFileReference; explicitFileType = wrapper.application; includeInIndex = 0; path = Coal.app; sourceTree = BUILT_PRODUCTS_DIR; };
		A042CDA01BD3B1E3009C5456 /* AppDelegate.swift */ = {isa = PBXFileReference; lastKnownFileType = sourcecode.swift; path = AppDelegate.swift; sourceTree = "<group>"; };
		A042CDA21BD3B1E3009C5456 /* ViewController.swift */ = {isa = PBXFileReference; lastKnownFileType = sourcecode.swift; path = ViewController.swift; sourceTree = "<group>"; };
		A042CDA51BD3B1E3009C5456 /* Base */ = {isa = PBXFileReference; lastKnownFileType = file.storyboard; name = Base; path = Base.lproj/Main.storyboard; sourceTree = "<group>"; };
		A042CDA71BD3B1E3009C5456 /* Assets.xcassets */ = {isa = PBXFileReference; lastKnownFileType = folder.assetcatalog; path = Assets.xcassets; sourceTree = "<group>"; };
		A042CDAA1BD3B1E3009C5456 /* Base */ = {isa = PBXFileReference; lastKnownFileType = file.storyboard; name = Base; path = Base.lproj/LaunchScreen.storyboard; sourceTree = "<group>"; };
		A042CDAC1BD3B1E3009C5456 /* Info.plist */ = {isa = PBXFileReference; lastKnownFileType = text.plist.xml; path = Info.plist; sourceTree = "<group>"; };
/* End PBXFileReference section */

/* Begin PBXFrameworksBuildPhase section */
		A042CD9A1BD3B1E3009C5456 /* Frameworks */ = {
			isa = PBXFrameworksBuildPhase;
			buildActionMask = 2147483647;
			files = (
				F5B873B7CADB65963C9C03B3 /* Pods.framework in Frameworks */,
			);
			runOnlyForDeploymentPostprocessing = 0;
		};
/* End PBXFrameworksBuildPhase section */

/* Begin PBXGroup section */
		0A26AE5FF8E64BF4D7704C06 /* Pods */ = {
			isa = PBXGroup;
			children = (
				540A2226106342AC47E1D946 /* Pods.debug.xcconfig */,
				853E383813A690CBCC9EB3B3 /* Pods.release.xcconfig */,
			);
			name = Pods;
			sourceTree = "<group>";
		};
		A042CD941BD3B1E3009C5456 = {
			isa = PBXGroup;
			children = (
				A042CD9F1BD3B1E3009C5456 /* Coal */,
				A042CD9E1BD3B1E3009C5456 /* Products */,
				0A26AE5FF8E64BF4D7704C06 /* Pods */,
				D9F796FC59E83A400E2C0443 /* Frameworks */,
			);
			sourceTree = "<group>";
		};
		A042CD9E1BD3B1E3009C5456 /* Products */ = {
			isa = PBXGroup;
			children = (
				A042CD9D1BD3B1E3009C5456 /* Coal.app */,
			);
			name = Products;
			sourceTree = "<group>";
		};
		A042CD9F1BD3B1E3009C5456 /* Coal */ = {
			isa = PBXGroup;
			children = (
				A042CDA01BD3B1E3009C5456 /* AppDelegate.swift */,
				A042CDA21BD3B1E3009C5456 /* ViewController.swift */,
				A042CDA41BD3B1E3009C5456 /* Main.storyboard */,
				A042CDA71BD3B1E3009C5456 /* Assets.xcassets */,
				A042CDA91BD3B1E3009C5456 /* LaunchScreen.storyboard */,
				A042CDAC1BD3B1E3009C5456 /* Info.plist */,
			);
			path = Coal;
			sourceTree = "<group>";
		};
		D9F796FC59E83A400E2C0443 /* Frameworks */ = {
			isa = PBXGroup;
			children = (
				9C8152B12F163CE900E8B023 /* Pods.framework */,
			);
			name = Frameworks;
			sourceTree = "<group>";
		};
/* End PBXGroup section */

/* Begin PBXNativeTarget section */
		A042CD9C1BD3B1E3009C5456 /* Coal */ = {
			isa = PBXNativeTarget;
			buildConfigurationList = A042CDAF1BD3B1E3009C5456 /* Build configuration list for PBXNativeTarget "Coal" */;
			buildPhases = (
				B5404EA03716CBD30B0B56D2 /* Check Pods Manifest.lock */,
				A042CD991BD3B1E3009C5456 /* Sources */,
				A042CD9A1BD3B1E3009C5456 /* Frameworks */,
				A042CD9B1BD3B1E3009C5456 /* Resources */,
				41910CDA48E3F6DE24D6AAB0 /* Embed Pods Frameworks */,
				4A4C5F065246896DEC927D0D /* Copy Pods Resources */,
			);
			buildRules = (
			);
			dependencies = (
			);
			name = Coal;
			productName = Coal;
			productReference = A042CD9D1BD3B1E3009C5456 /* Coal.app */;
			productType = "com.apple.product-type.application";
		};
/* End PBXNativeTarget section */

/* Begin PBXProject section */
		A042CD951BD3B1E3009C5456 /* Project object */ = {
			isa = PBXProject;
			attributes = {
				LastUpgradeCheck = 0700;
				ORGANIZATIONNAME = "Lucas da Silva";
				TargetAttributes = {
					A042CD9C1BD3B1E3009C5456 = {
						CreatedOnToolsVersion = 7.0.1;
					};
				};
			};
			buildConfigurationList = A042CD981BD3B1E3009C5456 /* Build configuration list for PBXProject "Coal" */;
			compatibilityVersion = "Xcode 3.2";
			developmentRegion = English;
			hasScannedForEncodings = 0;
			knownRegions = (
				en,
				Base,
			);
			mainGroup = A042CD941BD3B1E3009C5456;
			productRefGroup = A042CD9E1BD3B1E3009C5456 /* Products */;
			projectDirPath = "";
			projectRoot = "";
			targets = (
				A042CD9C1BD3B1E3009C5456 /* Coal */,
			);
		};
/* End PBXProject section */

/* Begin PBXResourcesBuildPhase section */
		A042CD9B1BD3B1E3009C5456 /* Resources */ = {
			isa = PBXResourcesBuildPhase;
			buildActionMask = 2147483647;
			files = (
				A042CDAB1BD3B1E3009C5456 /* LaunchScreen.storyboard in Resources */,
				A042CDA81BD3B1E3009C5456 /* Assets.xcassets in Resources */,
				A042CDA61BD3B1E3009C5456 /* Main.storyboard in Resources */,
			);
			runOnlyForDeploymentPostprocessing = 0;
		};
/* End PBXResourcesBuildPhase section */

/* Begin PBXShellScriptBuildPhase section */
		41910CDA48E3F6DE24D6AAB0 /* Embed Pods Frameworks */ = {
			isa = PBXShellScriptBuildPhase;
			buildActionMask = 2147483647;
			files = (
			);
			inputPaths = (
			);
			name = "Embed Pods Frameworks";
			outputPaths = (
			);
			runOnlyForDeploymentPostprocessing = 0;
			shellPath = /bin/sh;
			shellScript = "\"${SRCROOT}/Pods/Target Support Files/Pods/Pods-frameworks.sh\"\n";
			showEnvVarsInLog = 0;
		};
		4A4C5F065246896DEC927D0D /* Copy Pods Resources */ = {
			isa = PBXShellScriptBuildPhase;
			buildActionMask = 2147483647;
			files = (
			);
			inputPaths = (
			);
			name = "Copy Pods Resources";
			outputPaths = (
			);
			runOnlyForDeploymentPostprocessing = 0;
			shellPath = /bin/sh;
			shellScript = "\"${SRCROOT}/Pods/Target Support Files/Pods/Pods-resources.sh\"\n";
			showEnvVarsInLog = 0;
		};
		B5404EA03716CBD30B0B56D2 /* Check Pods Manifest.lock */ = {
			isa = PBXShellScriptBuildPhase;
			buildActionMask = 2147483647;
			files = (
			);
			inputPaths = (
			);
			name = "Check Pods Manifest.lock";
			outputPaths = (
			);
			runOnlyForDeploymentPostprocessing = 0;
			shellPath = /bin/sh;
			shellScript = "diff \"${PODS_ROOT}/../Podfile.lock\" \"${PODS_ROOT}/Manifest.lock\" > /dev/null\nif [[ $? != 0 ]] ; then\n    cat << EOM\nerror: The sandbox is not in sync with the Podfile.lock. Run 'pod install' or update your CocoaPods installation.\nEOM\n    exit 1\nfi\n";
			showEnvVarsInLog = 0;
		};
/* End PBXShellScriptBuildPhase section */

/* Begin PBXSourcesBuildPhase section */
		A042CD991BD3B1E3009C5456 /* Sources */ = {
			isa = PBXSourcesBuildPhase;
			buildActionMask = 2147483647;
			files = (
				A042CDA31BD3B1E3009C5456 /* ViewController.swift in Sources */,
				A042CDA11BD3B1E3009C5456 /* AppDelegate.swift in Sources */,
			);
			runOnlyForDeploymentPostprocessing = 0;
		};
/* End PBXSourcesBuildPhase section */

/* Begin PBXVariantGroup section */
		A042CDA41BD3B1E3009C5456 /* Main.storyboard */ = {
			isa = PBXVariantGroup;
			children = (
				A042CDA51BD3B1E3009C5456 /* Base */,
			);
			name = Main.storyboard;
			sourceTree = "<group>";
		};
		A042CDA91BD3B1E3009C5456 /* LaunchScreen.storyboard */ = {
			isa = PBXVariantGroup;
			children = (
				A042CDAA1BD3B1E3009C5456 /* Base */,
			);
			name = LaunchScreen.storyboard;
			sourceTree = "<group>";
		};
/* End PBXVariantGroup section */

/* Begin XCBuildConfiguration section */
		A042CDAD1BD3B1E3009C5456 /* Debug */ = {
			isa = XCBuildConfiguration;
			buildSettings = {
				ALWAYS_SEARCH_USER_PATHS = NO;
				CLANG_CXX_LANGUAGE_STANDARD = "gnu++0x";
				CLANG_CXX_LIBRARY = "libc++";
				CLANG_ENABLE_MODULES = YES;
				CLANG_ENABLE_OBJC_ARC = YES;
				CLANG_WARN_BOOL_CONVERSION = YES;
				CLANG_WARN_CONSTANT_CONVERSION = YES;
				CLANG_WARN_DIRECT_OBJC_ISA_USAGE = YES_ERROR;
				CLANG_WARN_EMPTY_BODY = YES;
				CLANG_WARN_ENUM_CONVERSION = YES;
				CLANG_WARN_INT_CONVERSION = YES;
				CLANG_WARN_OBJC_ROOT_CLASS = YES_ERROR;
				CLANG_WARN_UNREACHABLE_CODE = YES;
				CLANG_WARN__DUPLICATE_METHOD_MATCH = YES;
				"CODE_SIGN_IDENTITY[sdk=iphoneos*]" = "iPhone Developer";
				COPY_PHASE_STRIP = NO;
				DEBUG_INFORMATION_FORMAT = dwarf;
				ENABLE_STRICT_OBJC_MSGSEND = YES;
				ENABLE_TESTABILITY = YES;
				GCC_C_LANGUAGE_STANDARD = gnu99;
				GCC_DYNAMIC_NO_PIC = NO;
				GCC_NO_COMMON_BLOCKS = YES;
				GCC_OPTIMIZATION_LEVEL = 0;
				GCC_PREPROCESSOR_DEFINITIONS = (
					"DEBUG=1",
					"$(inherited)",
				);
				GCC_WARN_64_TO_32_BIT_CONVERSION = YES;
				GCC_WARN_ABOUT_RETURN_TYPE = YES_ERROR;
				GCC_WARN_UNDECLARED_SELECTOR = YES;
				GCC_WARN_UNINITIALIZED_AUTOS = YES_AGGRESSIVE;
				GCC_WARN_UNUSED_FUNCTION = YES;
				GCC_WARN_UNUSED_VARIABLE = YES;
				IPHONEOS_DEPLOYMENT_TARGET = 9.0;
				MTL_ENABLE_DEBUG_INFO = YES;
				ONLY_ACTIVE_ARCH = YES;
				SDKROOT = iphoneos;
				SWIFT_OPTIMIZATION_LEVEL = "-Onone";
			};
			name = Debug;
		};
		A042CDAE1BD3B1E3009C5456 /* Release */ = {
			isa = XCBuildConfiguration;
			buildSettings = {
				ALWAYS_SEARCH_USER_PATHS = NO;
				CLANG_CXX_LANGUAGE_STANDARD = "gnu++0x";
				CLANG_CXX_LIBRARY = "libc++";
				CLANG_ENABLE_MODULES = YES;
				CLANG_ENABLE_OBJC_ARC = YES;
				CLANG_WARN_BOOL_CONVERSION = YES;
				CLANG_WARN_CONSTANT_CONVERSION = YES;
				CLANG_WARN_DIRECT_OBJC_ISA_USAGE = YES_ERROR;
				CLANG_WARN_EMPTY_BODY = YES;
				CLANG_WARN_ENUM_CONVERSION = YES;
				CLANG_WARN_INT_CONVERSION = YES;
				CLANG_WARN_OBJC_ROOT_CLASS = YES_ERROR;
				CLANG_WARN_UNREACHABLE_CODE = YES;
				CLANG_WARN__DUPLICATE_METHOD_MATCH = YES;
				"CODE_SIGN_IDENTITY[sdk=iphoneos*]" = "iPhone Developer";
				COPY_PHASE_STRIP = NO;
				DEBUG_INFORMATION_FORMAT = "dwarf-with-dsym";
				ENABLE_NS_ASSERTIONS = NO;
				ENABLE_STRICT_OBJC_MSGSEND = YES;
				GCC_C_LANGUAGE_STANDARD = gnu99;
				GCC_NO_COMMON_BLOCKS = YES;
				GCC_WARN_64_TO_32_BIT_CONVERSION = YES;
				GCC_WARN_ABOUT_RETURN_TYPE = YES_ERROR;
				GCC_WARN_UNDECLARED_SELECTOR = YES;
				GCC_WARN_UNINITIALIZED_AUTOS = YES_AGGRESSIVE;
				GCC_WARN_UNUSED_FUNCTION = YES;
				GCC_WARN_UNUSED_VARIABLE = YES;
				IPHONEOS_DEPLOYMENT_TARGET = 9.0;
				MTL_ENABLE_DEBUG_INFO = NO;
				SDKROOT = iphoneos;
				VALIDATE_PRODUCT = YES;
			};
			name = Release;
		};
		A042CDB01BD3B1E3009C5456 /* Debug */ = {
			isa = XCBuildConfiguration;
			baseConfigurationReference = 540A2226106342AC47E1D946 /* Pods.debug.xcconfig */;
			buildSettings = {
				ASSETCATALOG_COMPILER_APPICON_NAME = AppIcon;
				INFOPLIST_FILE = Coal/Info.plist;
				LD_RUNPATH_SEARCH_PATHS = "$(inherited) @executable_path/Frameworks";
				PRODUCT_BUNDLE_IDENTIFIER = ninja.lucas.Coal;
				PRODUCT_NAME = "$(TARGET_NAME)";
			};
			name = Debug;
		};
		A042CDB11BD3B1E3009C5456 /* Release */ = {
			isa = XCBuildConfiguration;
			baseConfigurationReference = 853E383813A690CBCC9EB3B3 /* Pods.release.xcconfig */;
			buildSettings = {
				ASSETCATALOG_COMPILER_APPICON_NAME = AppIcon;
				INFOPLIST_FILE = Coal/Info.plist;
				LD_RUNPATH_SEARCH_PATHS = "$(inherited) @executable_path/Frameworks";
				PRODUCT_BUNDLE_IDENTIFIER = ninja.lucas.Coal;
				PRODUCT_NAME = "$(TARGET_NAME)";
			};
			name = Release;
		};
/* End XCBuildConfiguration section */

/* Begin XCConfigurationList section */
		A042CD981BD3B1E3009C5456 /* Build configuration list for PBXProject "Coal" */ = {
			isa = XCConfigurationList;
			buildConfigurations = (
				A042CDAD1BD3B1E3009C5456 /* Debug */,
				A042CDAE1BD3B1E3009C5456 /* Release */,
			);
			defaultConfigurationIsVisible = 0;
			defaultConfigurationName = Release;
		};
		A042CDAF1BD3B1E3009C5456 /* Build configuration list for PBXNativeTarget "Coal" */ = {
			isa = XCConfigurationList;
			buildConfigurations = (
				A042CDB01BD3B1E3009C5456 /* Debug */,
				A042CDB11BD3B1E3009C5456 /* Release */,
			);
			defaultConfigurationIsVisible = 0;
			defaultConfigurationName = Release;
		};
/* End XCConfigurationList section */
	};
	rootObject = A042CD951BD3B1E3009C5456 /* Project object */;
}
